
Microsoft Visual Studio Solution File, Format Version 12.00
# Visual Studio Version 17
VisualStudioVersion = 17.4.33205.214
MinimumVisualStudioVersion = 10.0.40219.1
Project("{FAE04EC0-301F-11D3-BF4B-00C04F79EFBC}") = "2d array and nested loops", "2d array and nested loops\2d array and nested loops.csproj", "{9BEEA4AB-80E4-44A6-90A9-9DEACF031FDB}"
EndProject
Global
	GlobalSection(SolutionConfigurationPlatforms) = preSolution
		Debug|Any CPU = Debug|Any CPU
		Release|Any CPU = Release|Any CPU
	EndGlobalSection
	GlobalSection(ProjectConfigurationPlatforms) = postSolution
		{9BEEA4AB-80E4-44A6-90A9-9DEACF031FDB}.Debug|Any CPU.ActiveCfg = Debug|Any CPU
		{9BEEA4AB-80E4-44A6-90A9-9DEACF031FDB}.Debug|Any CPU.Build.0 = Debug|Any CPU
		{9BEEA4AB-80E4-44A6-90A9-9DEACF031FDB}.Release|Any CPU.ActiveCfg = Release|Any CPU
		{9BEEA4AB-80E4-44A6-90A9-9DEACF031FDB}.Release|Any CPU.Build.0 = Release|Any CPU
	EndGlobalSection
	GlobalSection(SolutionProperties) = preSolution
		HideSolutionNode = FALSE
	EndGlobalSection
	GlobalSection(ExtensibilityGlobals) = postSolution
		SolutionGuid = {73E3A89D-A7FA-48A7-8E56-8416229C381E}
	EndGlobalSection
EndGlobal
