
Microsoft Visual Studio Solution File, Format Version 12.00
# Visual Studio Version 17
VisualStudioVersion = 17.4.33205.214
MinimumVisualStudioVersion = 10.0.40219.1
Project("{FAE04EC0-301F-11D3-BF4B-00C04F79EFBC}") = "If else", "If else\If else.csproj", "{3806F4F5-CC0B-436D-80D1-5B15F8EAB2B4}"
EndProject
Global
	GlobalSection(SolutionConfigurationPlatforms) = preSolution
		Debug|Any CPU = Debug|Any CPU
		Release|Any CPU = Release|Any CPU
	EndGlobalSection
	GlobalSection(ProjectConfigurationPlatforms) = postSolution
		{3806F4F5-CC0B-436D-80D1-5B15F8EAB2B4}.Debug|Any CPU.ActiveCfg = Debug|Any CPU
		{3806F4F5-CC0B-436D-80D1-5B15F8EAB2B4}.Debug|Any CPU.Build.0 = Debug|Any CPU
		{3806F4F5-CC0B-436D-80D1-5B15F8EAB2B4}.Release|Any CPU.ActiveCfg = Release|Any CPU
		{3806F4F5-CC0B-436D-80D1-5B15F8EAB2B4}.Release|Any CPU.Build.0 = Release|Any CPU
	EndGlobalSection
	GlobalSection(SolutionProperties) = preSolution
		HideSolutionNode = FALSE
	EndGlobalSection
	GlobalSection(ExtensibilityGlobals) = postSolution
		SolutionGuid = {54898AD6-24EB-4347-BE2B-F7002531812E}
	EndGlobalSection
EndGlobal
