
Microsoft Visual Studio Solution File, Format Version 12.00
# Visual Studio Version 17
VisualStudioVersion = 17.4.33205.214
MinimumVisualStudioVersion = 10.0.40219.1
Project("{FAE04EC0-301F-11D3-BF4B-00C04F79EFBC}") = "Array's Intro", "Array's Intro\Array's Intro.csproj", "{621D6C0D-33CA-4B60-A454-D42559D7C69B}"
EndProject
Global
	GlobalSection(SolutionConfigurationPlatforms) = preSolution
		Debug|Any CPU = Debug|Any CPU
		Release|Any CPU = Release|Any CPU
	EndGlobalSection
	GlobalSection(ProjectConfigurationPlatforms) = postSolution
		{621D6C0D-33CA-4B60-A454-D42559D7C69B}.Debug|Any CPU.ActiveCfg = Debug|Any CPU
		{621D6C0D-33CA-4B60-A454-D42559D7C69B}.Debug|Any CPU.Build.0 = Debug|Any CPU
		{621D6C0D-33CA-4B60-A454-D42559D7C69B}.Release|Any CPU.ActiveCfg = Release|Any CPU
		{621D6C0D-33CA-4B60-A454-D42559D7C69B}.Release|Any CPU.Build.0 = Release|Any CPU
	EndGlobalSection
	GlobalSection(SolutionProperties) = preSolution
		HideSolutionNode = FALSE
	EndGlobalSection
	GlobalSection(ExtensibilityGlobals) = postSolution
		SolutionGuid = {D369A3A7-7767-4921-97DF-3648BE965B14}
	EndGlobalSection
EndGlobal
