
Microsoft Visual Studio Solution File, Format Version 12.00
# Visual Studio Version 17
VisualStudioVersion = 17.4.33205.214
MinimumVisualStudioVersion = 10.0.40219.1
Project("{9A19103F-16F7-4668-BE54-9A1E7A4F7556}") = "Inheritance and Interface part 2", "Inheritance part 2\Inheritance and Interface part 2.csproj", "{97327099-8409-4E7B-BA8B-48369B4AE25A}"
EndProject
Global
	GlobalSection(SolutionConfigurationPlatforms) = preSolution
		Debug|Any CPU = Debug|Any CPU
		Release|Any CPU = Release|Any CPU
	EndGlobalSection
	GlobalSection(ProjectConfigurationPlatforms) = postSolution
		{97327099-8409-4E7B-BA8B-48369B4AE25A}.Debug|Any CPU.ActiveCfg = Debug|Any CPU
		{97327099-8409-4E7B-BA8B-48369B4AE25A}.Debug|Any CPU.Build.0 = Debug|Any CPU
		{97327099-8409-4E7B-BA8B-48369B4AE25A}.Release|Any CPU.ActiveCfg = Release|Any CPU
		{97327099-8409-4E7B-BA8B-48369B4AE25A}.Release|Any CPU.Build.0 = Release|Any CPU
	EndGlobalSection
	GlobalSection(SolutionProperties) = preSolution
		HideSolutionNode = FALSE
	EndGlobalSection
	GlobalSection(ExtensibilityGlobals) = postSolution
		SolutionGuid = {1FF2C165-60E9-4DA6-9D2A-C03BAA2EFED7}
	EndGlobalSection
EndGlobal
