
Microsoft Visual Studio Solution File, Format Version 12.00
# Visual Studio Version 17
VisualStudioVersion = 17.4.33205.214
MinimumVisualStudioVersion = 10.0.40219.1
Project("{FAE04EC0-301F-11D3-BF4B-00C04F79EFBC}") = "Noughts and Crosses Exercise", "Noughts and Crosses Exercise\Noughts and Crosses Exercise.csproj", "{83C0CC5D-D09C-45B1-A152-877003FAE835}"
EndProject
Global
	GlobalSection(SolutionConfigurationPlatforms) = preSolution
		Debug|Any CPU = Debug|Any CPU
		Release|Any CPU = Release|Any CPU
	EndGlobalSection
	GlobalSection(ProjectConfigurationPlatforms) = postSolution
		{83C0CC5D-D09C-45B1-A152-877003FAE835}.Debug|Any CPU.ActiveCfg = Debug|Any CPU
		{83C0CC5D-D09C-45B1-A152-877003FAE835}.Debug|Any CPU.Build.0 = Debug|Any CPU
		{83C0CC5D-D09C-45B1-A152-877003FAE835}.Release|Any CPU.ActiveCfg = Release|Any CPU
		{83C0CC5D-D09C-45B1-A152-877003FAE835}.Release|Any CPU.Build.0 = Release|Any CPU
	EndGlobalSection
	GlobalSection(SolutionProperties) = preSolution
		HideSolutionNode = FALSE
	EndGlobalSection
	GlobalSection(ExtensibilityGlobals) = postSolution
		SolutionGuid = {A25CDD81-E6A2-4B01-A17B-97A67FD76AA0}
	EndGlobalSection
EndGlobal
