
Microsoft Visual Studio Solution File, Format Version 12.00
# Visual Studio Version 17
VisualStudioVersion = 17.4.33205.214
MinimumVisualStudioVersion = 10.0.40219.1
Project("{FAE04EC0-301F-11D3-BF4B-00C04F79EFBC}") = "REGEX", "REGEX\REGEX.csproj", "{77DD681E-2CBF-49FE-AA31-8DDFBD5E4724}"
EndProject
Global
	GlobalSection(SolutionConfigurationPlatforms) = preSolution
		Debug|Any CPU = Debug|Any CPU
		Release|Any CPU = Release|Any CPU
	EndGlobalSection
	GlobalSection(ProjectConfigurationPlatforms) = postSolution
		{77DD681E-2CBF-49FE-AA31-8DDFBD5E4724}.Debug|Any CPU.ActiveCfg = Debug|Any CPU
		{77DD681E-2CBF-49FE-AA31-8DDFBD5E4724}.Debug|Any CPU.Build.0 = Debug|Any CPU
		{77DD681E-2CBF-49FE-AA31-8DDFBD5E4724}.Release|Any CPU.ActiveCfg = Release|Any CPU
		{77DD681E-2CBF-49FE-AA31-8DDFBD5E4724}.Release|Any CPU.Build.0 = Release|Any CPU
	EndGlobalSection
	GlobalSection(SolutionProperties) = preSolution
		HideSolutionNode = FALSE
	EndGlobalSection
	GlobalSection(ExtensibilityGlobals) = postSolution
		SolutionGuid = {0AEE638A-D40B-4970-B9C0-CF1288BE8660}
	EndGlobalSection
EndGlobal
