
Microsoft Visual Studio Solution File, Format Version 12.00
# Visual Studio Version 17
VisualStudioVersion = 17.4.33205.214
MinimumVisualStudioVersion = 10.0.40219.1
Project("{FAE04EC0-301F-11D3-BF4B-00C04F79EFBC}") = "Properties challange", "Properties challange\Properties challange.csproj", "{0172F373-A2B9-47FD-9933-4E7DE070708E}"
EndProject
Global
	GlobalSection(SolutionConfigurationPlatforms) = preSolution
		Debug|Any CPU = Debug|Any CPU
		Release|Any CPU = Release|Any CPU
	EndGlobalSection
	GlobalSection(ProjectConfigurationPlatforms) = postSolution
		{0172F373-A2B9-47FD-9933-4E7DE070708E}.Debug|Any CPU.ActiveCfg = Debug|Any CPU
		{0172F373-A2B9-47FD-9933-4E7DE070708E}.Debug|Any CPU.Build.0 = Debug|Any CPU
		{0172F373-A2B9-47FD-9933-4E7DE070708E}.Release|Any CPU.ActiveCfg = Release|Any CPU
		{0172F373-A2B9-47FD-9933-4E7DE070708E}.Release|Any CPU.Build.0 = Release|Any CPU
	EndGlobalSection
	GlobalSection(SolutionProperties) = preSolution
		HideSolutionNode = FALSE
	EndGlobalSection
	GlobalSection(ExtensibilityGlobals) = postSolution
		SolutionGuid = {608A3602-249B-4EB4-B63D-D78E0492FD34}
	EndGlobalSection
EndGlobal
